
Microsoft Visual Studio Solution File, Format Version 12.00
# Visual Studio 15
VisualStudioVersion = 15.0.27130.2026
MinimumVisualStudioVersion = 10.0.40219.1
Project("{FAE04EC0-301F-11D3-BF4B-00C04F79EFBC}") = "BestTest", "BestTest\BestTest.csproj", "{8045C280-8B42-4AFD-9EA8-75CF846E73E8}"
EndProject
Project("{FAE04EC0-301F-11D3-BF4B-00C04F79EFBC}") = "WorseTest", "WorseTest\WorseTest.csproj", "{608E17AD-7D83-405D-A180-FE64E6568A4B}"
	ProjectSection(ProjectDependencies) = postProject
		{8045C280-8B42-4AFD-9EA8-75CF846E73E8} = {8045C280-8B42-4AFD-9EA8-75CF846E73E8}
	EndProjectSection
EndProject
Project("{2150E333-8FDC-42A3-9474-1A3956D46DE8}") = "Tests", "Tests", "{FCE54CC3-15DC-4BCA-8FFE-E3418F59B716}"
EndProject
Project("{FAE04EC0-301F-11D3-BF4B-00C04F79EFBC}") = "BestTestTest", "BestTestTest\BestTestTest.csproj", "{326FE377-6C04-4DB5-8F7F-4E8206CA312C}"
EndProject
Project("{2150E333-8FDC-42A3-9474-1A3956D46DE8}") = "Build", "Build", "{FA219285-2863-4743-A6FC-43D1E4E6D8F0}"
	ProjectSection(SolutionItems) = preProject
		appveyor.yml = appveyor.yml
		ProductInfo = ProductInfo
	EndProjectSection
EndProject
Global
	GlobalSection(SolutionConfigurationPlatforms) = preSolution
		Debug|Any CPU = Debug|Any CPU
		Release|Any CPU = Release|Any CPU
	EndGlobalSection
	GlobalSection(ProjectConfigurationPlatforms) = postSolution
		{8045C280-8B42-4AFD-9EA8-75CF846E73E8}.Debug|Any CPU.ActiveCfg = Debug|Any CPU
		{8045C280-8B42-4AFD-9EA8-75CF846E73E8}.Debug|Any CPU.Build.0 = Debug|Any CPU
		{8045C280-8B42-4AFD-9EA8-75CF846E73E8}.Release|Any CPU.ActiveCfg = Release|Any CPU
		{8045C280-8B42-4AFD-9EA8-75CF846E73E8}.Release|Any CPU.Build.0 = Release|Any CPU
		{608E17AD-7D83-405D-A180-FE64E6568A4B}.Debug|Any CPU.ActiveCfg = Debug|Any CPU
		{608E17AD-7D83-405D-A180-FE64E6568A4B}.Debug|Any CPU.Build.0 = Debug|Any CPU
		{608E17AD-7D83-405D-A180-FE64E6568A4B}.Release|Any CPU.ActiveCfg = Release|Any CPU
		{608E17AD-7D83-405D-A180-FE64E6568A4B}.Release|Any CPU.Build.0 = Release|Any CPU
		{326FE377-6C04-4DB5-8F7F-4E8206CA312C}.Debug|Any CPU.ActiveCfg = Debug|Any CPU
		{326FE377-6C04-4DB5-8F7F-4E8206CA312C}.Debug|Any CPU.Build.0 = Debug|Any CPU
		{326FE377-6C04-4DB5-8F7F-4E8206CA312C}.Release|Any CPU.ActiveCfg = Release|Any CPU
		{326FE377-6C04-4DB5-8F7F-4E8206CA312C}.Release|Any CPU.Build.0 = Release|Any CPU
	EndGlobalSection
	GlobalSection(SolutionProperties) = preSolution
		HideSolutionNode = FALSE
	EndGlobalSection
	GlobalSection(NestedProjects) = preSolution
		{608E17AD-7D83-405D-A180-FE64E6568A4B} = {FCE54CC3-15DC-4BCA-8FFE-E3418F59B716}
		{326FE377-6C04-4DB5-8F7F-4E8206CA312C} = {FCE54CC3-15DC-4BCA-8FFE-E3418F59B716}
	EndGlobalSection
	GlobalSection(ExtensibilityGlobals) = postSolution
		SolutionGuid = {6C72C90A-41B2-430F-931B-12283F249BF9}
	EndGlobalSection
EndGlobal
